
Microsoft Visual Studio Solution File, Format Version 12.00
# Visual Studio Version 17
VisualStudioVersion = 17.14.36408.4 d17.14
MinimumVisualStudioVersion = 10.0.40219.1
Project("{00D1A9C2-B5F0-4AF3-8072-F6C62B433612}") = "DBADataN", "DBADataN\DBADataN.sqlproj", "{B2FDC8D2-C0F2-4BF3-AD35-4294195E8D73}"
EndProject
Global
	GlobalSection(SolutionConfigurationPlatforms) = preSolution
		Debug|Any CPU = Debug|Any CPU
		Release|Any CPU = Release|Any CPU
	EndGlobalSection
	GlobalSection(ProjectConfigurationPlatforms) = postSolution
		{B2FDC8D2-C0F2-4BF3-AD35-4294195E8D73}.Debug|Any CPU.ActiveCfg = Debug|Any CPU
		{B2FDC8D2-C0F2-4BF3-AD35-4294195E8D73}.Debug|Any CPU.Build.0 = Debug|Any CPU
		{B2FDC8D2-C0F2-4BF3-AD35-4294195E8D73}.Debug|Any CPU.Deploy.0 = Debug|Any CPU
		{B2FDC8D2-C0F2-4BF3-AD35-4294195E8D73}.Release|Any CPU.ActiveCfg = Release|Any CPU
		{B2FDC8D2-C0F2-4BF3-AD35-4294195E8D73}.Release|Any CPU.Build.0 = Release|Any CPU
		{B2FDC8D2-C0F2-4BF3-AD35-4294195E8D73}.Release|Any CPU.Deploy.0 = Release|Any CPU
	EndGlobalSection
	GlobalSection(SolutionProperties) = preSolution
		HideSolutionNode = FALSE
	EndGlobalSection
	GlobalSection(ExtensibilityGlobals) = postSolution
		SolutionGuid = {FFB53055-7682-4ACB-9851-F7141CC0F3B3}
	EndGlobalSection
EndGlobal
